
Microsoft Visual Studio Solution File, Format Version 12.00
# Visual Studio Version 17
VisualStudioVersion = 17.2.32616.157
MinimumVisualStudioVersion = 10.0.40219.1
Project("{9A19103F-16F7-4668-BE54-9A1E7A4F7556}") = "AdoImportTestCases", "AdoImportTestCases\AdoImportTestCases.csproj", "{3FBE4FB9-E5E3-4859-ABA8-F17E6C1BBD1B}"
EndProject
Project("{9A19103F-16F7-4668-BE54-9A1E7A4F7556}") = "AdoImportTestCases.E2ETest", "AdoImportTestCases.E2ETest\AdoImportTestCases.E2ETest.csproj", "{1E99872F-9158-443B-9A4B-3BB077C20434}"
EndProject
Project("{2150E333-8FDC-42A3-9474-1A3956D46DE8}") = "Solution Items", "Solution Items", "{583A4F22-0204-42F6-AC52-41DEC89496F4}"
	ProjectSection(SolutionItems) = preProject
		build.yml = build.yml
		README.md = README.md
	EndProjectSection
EndProject
Global
	GlobalSection(SolutionConfigurationPlatforms) = preSolution
		Debug|Any CPU = Debug|Any CPU
		Release|Any CPU = Release|Any CPU
	EndGlobalSection
	GlobalSection(ProjectConfigurationPlatforms) = postSolution
		{3FBE4FB9-E5E3-4859-ABA8-F17E6C1BBD1B}.Debug|Any CPU.ActiveCfg = Debug|Any CPU
		{3FBE4FB9-E5E3-4859-ABA8-F17E6C1BBD1B}.Debug|Any CPU.Build.0 = Debug|Any CPU
		{3FBE4FB9-E5E3-4859-ABA8-F17E6C1BBD1B}.Release|Any CPU.ActiveCfg = Release|Any CPU
		{3FBE4FB9-E5E3-4859-ABA8-F17E6C1BBD1B}.Release|Any CPU.Build.0 = Release|Any CPU
		{1E99872F-9158-443B-9A4B-3BB077C20434}.Debug|Any CPU.ActiveCfg = Debug|Any CPU
		{1E99872F-9158-443B-9A4B-3BB077C20434}.Debug|Any CPU.Build.0 = Debug|Any CPU
		{1E99872F-9158-443B-9A4B-3BB077C20434}.Release|Any CPU.ActiveCfg = Release|Any CPU
		{1E99872F-9158-443B-9A4B-3BB077C20434}.Release|Any CPU.Build.0 = Release|Any CPU
	EndGlobalSection
	GlobalSection(SolutionProperties) = preSolution
		HideSolutionNode = FALSE
	EndGlobalSection
	GlobalSection(ExtensibilityGlobals) = postSolution
		SolutionGuid = {0D34876D-F621-4AFF-8EF2-23E3E13168C7}
	EndGlobalSection
EndGlobal
